
Microsoft Visual Studio Solution File, Format Version 12.00
# Visual Studio 2012
VisualStudioVersion = 15.0.27703.2000
MinimumVisualStudioVersion = 10.0.40219.1
Project("{FAE04EC0-301F-11D3-BF4B-00C04F79EFBC}") = "Minesweeper", "Minesweeper\Minesweeper.csproj", "{08ED455C-9C42-469C-B0DB-92E51692F25C}"
EndProject
Global
	GlobalSection(SolutionConfigurationPlatforms) = preSolution
		Debug|Any CPU = Debug|Any CPU
		Release|Any CPU = Release|Any CPU
	EndGlobalSection
	GlobalSection(ProjectConfigurationPlatforms) = postSolution
		{08ED455C-9C42-469C-B0DB-92E51692F25C}.Debug|Any CPU.ActiveCfg = Debug|Any CPU
		{08ED455C-9C42-469C-B0DB-92E51692F25C}.Debug|Any CPU.Build.0 = Debug|Any CPU
		{08ED455C-9C42-469C-B0DB-92E51692F25C}.Release|Any CPU.ActiveCfg = Release|Any CPU
		{08ED455C-9C42-469C-B0DB-92E51692F25C}.Release|Any CPU.Build.0 = Release|Any CPU
	EndGlobalSection
	GlobalSection(SolutionProperties) = preSolution
		HideSolutionNode = FALSE
	EndGlobalSection
	GlobalSection(ExtensibilityGlobals) = postSolution
		SolutionGuid = {DA969262-DA66-41A1-9C18-8CE4B61ABC4D}
	EndGlobalSection
EndGlobal
